
Microsoft Visual Studio Solution File, Format Version 12.00
# Visual Studio Version 17
VisualStudioVersion = 17.0.31903.59
MinimumVisualStudioVersion = 10.0.40219.1
Project("{2150E333-8FDC-42A3-9474-1A3956D46DE8}") = "Examples", "Examples", "{B36A84DF-456D-A817-6EDD-3EC3E7F6E11F}"
EndProject
Project("{2150E333-8FDC-42A3-9474-1A3956D46DE8}") = "developer-guide", "developer-guide", "{4A939368-4DCB-2722-D2AD-2E6874654808}"
EndProject
Project("{F2A71F9B-5D33-465A-A702-920D77279786}") = "CopyTheCodeExample", "Examples\developer-guide\CopyTheCodeExample\CopyTheCodeExample.fsproj", "{E3D55C1A-3E51-4053-8A99-1D4E81B76607}"
EndProject
Project("{2150E333-8FDC-42A3-9474-1A3956D46DE8}") = "handling-errors", "handling-errors", "{66120FC6-38E1-8BE1-68B7-5A00FAC5E8D1}"
EndProject
Project("{F2A71F9B-5D33-465A-A702-920D77279786}") = "HandleAnUnsupportedInputFormat", "Examples\developer-guide\handling-errors\HandleAnUnsupportedInputFormat\HandleAnUnsupportedInputFormat.fsproj", "{44C7E33D-D943-4A09-9B09-441782973D56}"
EndProject
Project("{F2A71F9B-5D33-465A-A702-920D77279786}") = "HandleInvalidPageNumbers", "Examples\developer-guide\handling-errors\HandleInvalidPageNumbers\HandleInvalidPageNumbers.fsproj", "{259FE4F4-2FD0-46F3-B31E-638B8C7A7181}"
EndProject
Project("{2150E333-8FDC-42A3-9474-1A3956D46DE8}") = "loading-source-documents", "loading-source-documents", "{5D5D058F-60FD-5C65-8321-6DE1A038CDB3}"
EndProject
Project("{F2A71F9B-5D33-465A-A702-920D77279786}") = "LoadADocumentFromAFilePath", "Examples\developer-guide\loading-source-documents\LoadADocumentFromAFilePath\LoadADocumentFromAFilePath.fsproj", "{85BCA63A-74EC-4C7B-917A-BA3CC577B8A4}"
EndProject
Project("{F2A71F9B-5D33-465A-A702-920D77279786}") = "LoadADocumentFromAStream", "Examples\developer-guide\loading-source-documents\LoadADocumentFromAStream\LoadADocumentFromAStream.fsproj", "{39D69ABA-DAA3-4CD3-A33B-1D66F3D27493}"
EndProject
Project("{F2A71F9B-5D33-465A-A702-920D77279786}") = "MergeDocumentsWithASourceStream", "Examples\developer-guide\loading-source-documents\MergeDocumentsWithASourceStream\MergeDocumentsWithASourceStream.fsproj", "{34320D92-7A46-40FE-A46C-877F2339716D}"
EndProject
Project("{2150E333-8FDC-42A3-9474-1A3956D46DE8}") = "saving-output-documents", "saving-output-documents", "{88534765-9E01-7BB2-108C-429DA13D7273}"
EndProject
Project("{F2A71F9B-5D33-465A-A702-920D77279786}") = "AddThePartNumberToTheFileName", "Examples\developer-guide\saving-output-documents\AddThePartNumberToTheFileName\AddThePartNumberToTheFileName.fsproj", "{6DCEEEFC-059A-4F25-BAD5-C1C83D728DDC}"
EndProject
Project("{F2A71F9B-5D33-465A-A702-920D77279786}") = "SaveADocumentToAFile", "Examples\developer-guide\saving-output-documents\SaveADocumentToAFile\SaveADocumentToAFile.fsproj", "{E30E99CB-9F25-4931-B1D4-1A781C8460DA}"
EndProject
Project("{F2A71F9B-5D33-465A-A702-920D77279786}") = "UseAFileNameTemplate", "Examples\developer-guide\saving-output-documents\UseAFileNameTemplate\UseAFileNameTemplate.fsproj", "{55393AC5-9EC0-4B40-9147-CEFFEF1AC476}"
EndProject
Project("{2150E333-8FDC-42A3-9474-1A3956D46DE8}") = "using-join-docx", "using-join-docx", "{FF93ABA5-D0D3-B6FC-D126-38BA58455F9E}"
EndProject
Project("{F2A71F9B-5D33-465A-A702-920D77279786}") = "BasicExample", "Examples\developer-guide\using-join-docx\BasicExample\BasicExample.fsproj", "{C796A365-E958-4D26-B85C-E83F3EAF7527}"
EndProject
Project("{F2A71F9B-5D33-465A-A702-920D77279786}") = "MergeDocxDocumentsFromAStream", "Examples\developer-guide\using-join-docx\MergeDocxDocumentsFromAStream\MergeDocxDocumentsFromAStream.fsproj", "{6FCCBF95-AFFC-45B9-9DCF-B6D503CCA17D}"
EndProject
Project("{F2A71F9B-5D33-465A-A702-920D77279786}") = "MergeMultipleDocxDocuments", "Examples\developer-guide\using-join-docx\MergeMultipleDocxDocuments\MergeMultipleDocxDocuments.fsproj", "{7B19C135-6B15-4A5D-BDEF-FDE7115C3D05}"
EndProject
Project("{2150E333-8FDC-42A3-9474-1A3956D46DE8}") = "using-join-pdf", "using-join-pdf", "{A4021017-89A9-EACC-B864-B2DE86BBB39B}"
EndProject
Project("{F2A71F9B-5D33-465A-A702-920D77279786}") = "BasicExample", "Examples\developer-guide\using-join-pdf\BasicExample\BasicExample.fsproj", "{B84ACCA4-73ED-4FFD-A1A3-BE02EFF81FDA}"
EndProject
Project("{F2A71F9B-5D33-465A-A702-920D77279786}") = "MergeMultiplePdfDocuments", "Examples\developer-guide\using-join-pdf\MergeMultiplePdfDocuments\MergeMultiplePdfDocuments.fsproj", "{1ACD5398-79B7-4608-9CEA-59A1AA89550F}"
EndProject
Project("{F2A71F9B-5D33-465A-A702-920D77279786}") = "MergePdfDocumentsFromAStream", "Examples\developer-guide\using-join-pdf\MergePdfDocumentsFromAStream\MergePdfDocumentsFromAStream.fsproj", "{E053B06D-16E8-480F-AF03-853F97A5C829}"
EndProject
Project("{2150E333-8FDC-42A3-9474-1A3956D46DE8}") = "using-join-pptx", "using-join-pptx", "{30B94803-EFD1-F69E-8EDB-A4FA81454F1A}"
EndProject
Project("{F2A71F9B-5D33-465A-A702-920D77279786}") = "BasicExample", "Examples\developer-guide\using-join-pptx\BasicExample\BasicExample.fsproj", "{BE00D175-9539-4507-8D3C-8B1A1B677CC3}"
EndProject
Project("{F2A71F9B-5D33-465A-A702-920D77279786}") = "MergePptxDocumentsFromAStream", "Examples\developer-guide\using-join-pptx\MergePptxDocumentsFromAStream\MergePptxDocumentsFromAStream.fsproj", "{EAE6180E-AAB6-489C-A61C-2B446ABD028B}"
EndProject
Project("{2150E333-8FDC-42A3-9474-1A3956D46DE8}") = "using-remove-pages-pdf", "using-remove-pages-pdf", "{255ACE38-7B07-CAF9-FAAD-E57D9B1B3867}"
EndProject
Project("{F2A71F9B-5D33-465A-A702-920D77279786}") = "RemoveARangeOfPages", "Examples\developer-guide\using-remove-pages-pdf\RemoveARangeOfPages\RemoveARangeOfPages.fsproj", "{2B28AEB4-09AA-44C9-B71F-BAC9C501A82B}"
EndProject
Project("{F2A71F9B-5D33-465A-A702-920D77279786}") = "RemoveOddOrEvenPagesOfARange", "Examples\developer-guide\using-remove-pages-pdf\RemoveOddOrEvenPagesOfARange\RemoveOddOrEvenPagesOfARange.fsproj", "{91BFF1CD-9F1F-4B83-BB05-C8346ACD4960}"
EndProject
Project("{F2A71F9B-5D33-465A-A702-920D77279786}") = "RemovePagesFromAStream", "Examples\developer-guide\using-remove-pages-pdf\RemovePagesFromAStream\RemovePagesFromAStream.fsproj", "{C8C49E19-E9A4-406C-A52A-0C68FB720164}"
EndProject
Project("{F2A71F9B-5D33-465A-A702-920D77279786}") = "RemoveSpecificPages", "Examples\developer-guide\using-remove-pages-pdf\RemoveSpecificPages\RemoveSpecificPages.fsproj", "{DAAFF6AE-40F1-4575-9C51-DB28C4C607DB}"
EndProject
Project("{2150E333-8FDC-42A3-9474-1A3956D46DE8}") = "using-split-docx", "using-split-docx", "{62F527E3-94A6-550D-EEC1-1571B381434B}"
EndProject
Project("{F2A71F9B-5D33-465A-A702-920D77279786}") = "SplitADocumentIntoPartsAtSpecificPages", "Examples\developer-guide\using-split-docx\SplitADocumentIntoPartsAtSpecificPages\SplitADocumentIntoPartsAtSpecificPages.fsproj", "{C921721F-0D9F-4D13-A980-E64B058DA751}"
EndProject
Project("{F2A71F9B-5D33-465A-A702-920D77279786}") = "SplitARangeOfPages", "Examples\developer-guide\using-split-docx\SplitARangeOfPages\SplitARangeOfPages.fsproj", "{E6517AF5-2BB4-4B57-80EC-6784367FCE40}"
EndProject
Project("{F2A71F9B-5D33-465A-A702-920D77279786}") = "SplitOddOrEvenPagesOfARange", "Examples\developer-guide\using-split-docx\SplitOddOrEvenPagesOfARange\SplitOddOrEvenPagesOfARange.fsproj", "{4DEFBB23-4E3C-49D7-AC47-8E384C4C2B6D}"
EndProject
Project("{F2A71F9B-5D33-465A-A702-920D77279786}") = "SplitSpecificPagesIntoSeparateDocuments", "Examples\developer-guide\using-split-docx\SplitSpecificPagesIntoSeparateDocuments\SplitSpecificPagesIntoSeparateDocuments.fsproj", "{B4D2F379-050D-450C-90B7-E306637A5023}"
EndProject
Project("{2150E333-8FDC-42A3-9474-1A3956D46DE8}") = "using-split-pdf", "using-split-pdf", "{A6EEDB63-950D-265C-4EBC-3F6B0222C45B}"
EndProject
Project("{F2A71F9B-5D33-465A-A702-920D77279786}") = "NameThePartsWithAFileNameTemplate", "Examples\developer-guide\using-split-pdf\NameThePartsWithAFileNameTemplate\NameThePartsWithAFileNameTemplate.fsproj", "{C532433C-91B7-4806-85DD-C98148442280}"
EndProject
Project("{F2A71F9B-5D33-465A-A702-920D77279786}") = "SplitADocumentFromAStream", "Examples\developer-guide\using-split-pdf\SplitADocumentFromAStream\SplitADocumentFromAStream.fsproj", "{7C45588E-6BF3-4C52-A1F8-3641F0B43867}"
EndProject
Project("{F2A71F9B-5D33-465A-A702-920D77279786}") = "SplitADocumentIntoPartsAtSpecificPages", "Examples\developer-guide\using-split-pdf\SplitADocumentIntoPartsAtSpecificPages\SplitADocumentIntoPartsAtSpecificPages.fsproj", "{76E8AEDF-DF9C-4471-B04F-CC30F670C675}"
EndProject
Project("{F2A71F9B-5D33-465A-A702-920D77279786}") = "SplitARangeOfPages", "Examples\developer-guide\using-split-pdf\SplitARangeOfPages\SplitARangeOfPages.fsproj", "{213F13A9-B091-43E6-B051-30009C3C7C11}"
EndProject
Project("{F2A71F9B-5D33-465A-A702-920D77279786}") = "SplitOddOrEvenPagesOfARange", "Examples\developer-guide\using-split-pdf\SplitOddOrEvenPagesOfARange\SplitOddOrEvenPagesOfARange.fsproj", "{60BEF677-7B0D-4E23-A01D-DDD79FA31D52}"
EndProject
Project("{F2A71F9B-5D33-465A-A702-920D77279786}") = "SplitSpecificPagesIntoSeparateDocuments", "Examples\developer-guide\using-split-pdf\SplitSpecificPagesIntoSeparateDocuments\SplitSpecificPagesIntoSeparateDocuments.fsproj", "{B6A12549-69CD-45A6-B992-9913BDC48E67}"
EndProject
Project("{2150E333-8FDC-42A3-9474-1A3956D46DE8}") = "using-split-pptx", "using-split-pptx", "{E3BDC27C-A485-D90C-698F-A70C65A700A5}"
EndProject
Project("{F2A71F9B-5D33-465A-A702-920D77279786}") = "SplitADocumentIntoPartsAtSpecificSlides", "Examples\developer-guide\using-split-pptx\SplitADocumentIntoPartsAtSpecificSlides\SplitADocumentIntoPartsAtSpecificSlides.fsproj", "{09B0E871-4A4F-46AB-AA30-CE3C679CB9C3}"
EndProject
Project("{F2A71F9B-5D33-465A-A702-920D77279786}") = "SplitARangeOfSlides", "Examples\developer-guide\using-split-pptx\SplitARangeOfSlides\SplitARangeOfSlides.fsproj", "{4CA3F840-60B7-4672-8794-C44651C71F0B}"
EndProject
Project("{F2A71F9B-5D33-465A-A702-920D77279786}") = "SplitOddOrEvenSlidesOfARange", "Examples\developer-guide\using-split-pptx\SplitOddOrEvenSlidesOfARange\SplitOddOrEvenSlidesOfARange.fsproj", "{46141BD6-437E-4F9E-90B0-531DDDDCBD3E}"
EndProject
Project("{F2A71F9B-5D33-465A-A702-920D77279786}") = "SplitSpecificSlidesIntoSeparateDocuments", "Examples\developer-guide\using-split-pptx\SplitSpecificSlidesIntoSeparateDocuments\SplitSpecificSlidesIntoSeparateDocuments.fsproj", "{526306BE-02BD-4872-9861-B4406ACBD6B9}"
EndProject
Project("{2150E333-8FDC-42A3-9474-1A3956D46DE8}") = "licensing", "licensing", "{D8C81624-966F-D06E-07AA-5A5CEE056E83}"
EndProject
Project("{F2A71F9B-5D33-465A-A702-920D77279786}") = "SetLicenseFromFile", "Examples\licensing\SetLicenseFromFile\SetLicenseFromFile.fsproj", "{DC0CFC0B-B225-4A1F-A88A-6CDE693EC1E5}"
EndProject
Project("{F2A71F9B-5D33-465A-A702-920D77279786}") = "SetLicenseKeys", "Examples\licensing\SetLicenseKeys\SetLicenseKeys.fsproj", "{D454FA80-C542-49B7-85A5-B0B10971E155}"
EndProject
Global
	GlobalSection(SolutionConfigurationPlatforms) = preSolution
		Debug|Any CPU = Debug|Any CPU
		Debug|x64 = Debug|x64
		Debug|x86 = Debug|x86
		Release|Any CPU = Release|Any CPU
		Release|x64 = Release|x64
		Release|x86 = Release|x86
	EndGlobalSection
	GlobalSection(ProjectConfigurationPlatforms) = postSolution
		{E3D55C1A-3E51-4053-8A99-1D4E81B76607}.Debug|Any CPU.ActiveCfg = Debug|Any CPU
		{E3D55C1A-3E51-4053-8A99-1D4E81B76607}.Debug|Any CPU.Build.0 = Debug|Any CPU
		{E3D55C1A-3E51-4053-8A99-1D4E81B76607}.Debug|x64.ActiveCfg = Debug|Any CPU
		{E3D55C1A-3E51-4053-8A99-1D4E81B76607}.Debug|x64.Build.0 = Debug|Any CPU
		{E3D55C1A-3E51-4053-8A99-1D4E81B76607}.Debug|x86.ActiveCfg = Debug|Any CPU
		{E3D55C1A-3E51-4053-8A99-1D4E81B76607}.Debug|x86.Build.0 = Debug|Any CPU
		{E3D55C1A-3E51-4053-8A99-1D4E81B76607}.Release|Any CPU.ActiveCfg = Release|Any CPU
		{E3D55C1A-3E51-4053-8A99-1D4E81B76607}.Release|Any CPU.Build.0 = Release|Any CPU
		{E3D55C1A-3E51-4053-8A99-1D4E81B76607}.Release|x64.ActiveCfg = Release|Any CPU
		{E3D55C1A-3E51-4053-8A99-1D4E81B76607}.Release|x64.Build.0 = Release|Any CPU
		{E3D55C1A-3E51-4053-8A99-1D4E81B76607}.Release|x86.ActiveCfg = Release|Any CPU
		{E3D55C1A-3E51-4053-8A99-1D4E81B76607}.Release|x86.Build.0 = Release|Any CPU
		{44C7E33D-D943-4A09-9B09-441782973D56}.Debug|Any CPU.ActiveCfg = Debug|Any CPU
		{44C7E33D-D943-4A09-9B09-441782973D56}.Debug|Any CPU.Build.0 = Debug|Any CPU
		{44C7E33D-D943-4A09-9B09-441782973D56}.Debug|x64.ActiveCfg = Debug|Any CPU
		{44C7E33D-D943-4A09-9B09-441782973D56}.Debug|x64.Build.0 = Debug|Any CPU
		{44C7E33D-D943-4A09-9B09-441782973D56}.Debug|x86.ActiveCfg = Debug|Any CPU
		{44C7E33D-D943-4A09-9B09-441782973D56}.Debug|x86.Build.0 = Debug|Any CPU
		{44C7E33D-D943-4A09-9B09-441782973D56}.Release|Any CPU.ActiveCfg = Release|Any CPU
		{44C7E33D-D943-4A09-9B09-441782973D56}.Release|Any CPU.Build.0 = Release|Any CPU
		{44C7E33D-D943-4A09-9B09-441782973D56}.Release|x64.ActiveCfg = Release|Any CPU
		{44C7E33D-D943-4A09-9B09-441782973D56}.Release|x64.Build.0 = Release|Any CPU
		{44C7E33D-D943-4A09-9B09-441782973D56}.Release|x86.ActiveCfg = Release|Any CPU
		{44C7E33D-D943-4A09-9B09-441782973D56}.Release|x86.Build.0 = Release|Any CPU
		{259FE4F4-2FD0-46F3-B31E-638B8C7A7181}.Debug|Any CPU.ActiveCfg = Debug|Any CPU
		{259FE4F4-2FD0-46F3-B31E-638B8C7A7181}.Debug|Any CPU.Build.0 = Debug|Any CPU
		{259FE4F4-2FD0-46F3-B31E-638B8C7A7181}.Debug|x64.ActiveCfg = Debug|Any CPU
		{259FE4F4-2FD0-46F3-B31E-638B8C7A7181}.Debug|x64.Build.0 = Debug|Any CPU
		{259FE4F4-2FD0-46F3-B31E-638B8C7A7181}.Debug|x86.ActiveCfg = Debug|Any CPU
		{259FE4F4-2FD0-46F3-B31E-638B8C7A7181}.Debug|x86.Build.0 = Debug|Any CPU
		{259FE4F4-2FD0-46F3-B31E-638B8C7A7181}.Release|Any CPU.ActiveCfg = Release|Any CPU
		{259FE4F4-2FD0-46F3-B31E-638B8C7A7181}.Release|Any CPU.Build.0 = Release|Any CPU
		{259FE4F4-2FD0-46F3-B31E-638B8C7A7181}.Release|x64.ActiveCfg = Release|Any CPU
		{259FE4F4-2FD0-46F3-B31E-638B8C7A7181}.Release|x64.Build.0 = Release|Any CPU
		{259FE4F4-2FD0-46F3-B31E-638B8C7A7181}.Release|x86.ActiveCfg = Release|Any CPU
		{259FE4F4-2FD0-46F3-B31E-638B8C7A7181}.Release|x86.Build.0 = Release|Any CPU
		{85BCA63A-74EC-4C7B-917A-BA3CC577B8A4}.Debug|Any CPU.ActiveCfg = Debug|Any CPU
		{85BCA63A-74EC-4C7B-917A-BA3CC577B8A4}.Debug|Any CPU.Build.0 = Debug|Any CPU
		{85BCA63A-74EC-4C7B-917A-BA3CC577B8A4}.Debug|x64.ActiveCfg = Debug|Any CPU
		{85BCA63A-74EC-4C7B-917A-BA3CC577B8A4}.Debug|x64.Build.0 = Debug|Any CPU
		{85BCA63A-74EC-4C7B-917A-BA3CC577B8A4}.Debug|x86.ActiveCfg = Debug|Any CPU
		{85BCA63A-74EC-4C7B-917A-BA3CC577B8A4}.Debug|x86.Build.0 = Debug|Any CPU
		{85BCA63A-74EC-4C7B-917A-BA3CC577B8A4}.Release|Any CPU.ActiveCfg = Release|Any CPU
		{85BCA63A-74EC-4C7B-917A-BA3CC577B8A4}.Release|Any CPU.Build.0 = Release|Any CPU
		{85BCA63A-74EC-4C7B-917A-BA3CC577B8A4}.Release|x64.ActiveCfg = Release|Any CPU
		{85BCA63A-74EC-4C7B-917A-BA3CC577B8A4}.Release|x64.Build.0 = Release|Any CPU
		{85BCA63A-74EC-4C7B-917A-BA3CC577B8A4}.Release|x86.ActiveCfg = Release|Any CPU
		{85BCA63A-74EC-4C7B-917A-BA3CC577B8A4}.Release|x86.Build.0 = Release|Any CPU
		{39D69ABA-DAA3-4CD3-A33B-1D66F3D27493}.Debug|Any CPU.ActiveCfg = Debug|Any CPU
		{39D69ABA-DAA3-4CD3-A33B-1D66F3D27493}.Debug|Any CPU.Build.0 = Debug|Any CPU
		{39D69ABA-DAA3-4CD3-A33B-1D66F3D27493}.Debug|x64.ActiveCfg = Debug|Any CPU
		{39D69ABA-DAA3-4CD3-A33B-1D66F3D27493}.Debug|x64.Build.0 = Debug|Any CPU
		{39D69ABA-DAA3-4CD3-A33B-1D66F3D27493}.Debug|x86.ActiveCfg = Debug|Any CPU
		{39D69ABA-DAA3-4CD3-A33B-1D66F3D27493}.Debug|x86.Build.0 = Debug|Any CPU
		{39D69ABA-DAA3-4CD3-A33B-1D66F3D27493}.Release|Any CPU.ActiveCfg = Release|Any CPU
		{39D69ABA-DAA3-4CD3-A33B-1D66F3D27493}.Release|Any CPU.Build.0 = Release|Any CPU
		{39D69ABA-DAA3-4CD3-A33B-1D66F3D27493}.Release|x64.ActiveCfg = Release|Any CPU
		{39D69ABA-DAA3-4CD3-A33B-1D66F3D27493}.Release|x64.Build.0 = Release|Any CPU
		{39D69ABA-DAA3-4CD3-A33B-1D66F3D27493}.Release|x86.ActiveCfg = Release|Any CPU
		{39D69ABA-DAA3-4CD3-A33B-1D66F3D27493}.Release|x86.Build.0 = Release|Any CPU
		{34320D92-7A46-40FE-A46C-877F2339716D}.Debug|Any CPU.ActiveCfg = Debug|Any CPU
		{34320D92-7A46-40FE-A46C-877F2339716D}.Debug|Any CPU.Build.0 = Debug|Any CPU
		{34320D92-7A46-40FE-A46C-877F2339716D}.Debug|x64.ActiveCfg = Debug|Any CPU
		{34320D92-7A46-40FE-A46C-877F2339716D}.Debug|x64.Build.0 = Debug|Any CPU
		{34320D92-7A46-40FE-A46C-877F2339716D}.Debug|x86.ActiveCfg = Debug|Any CPU
		{34320D92-7A46-40FE-A46C-877F2339716D}.Debug|x86.Build.0 = Debug|Any CPU
		{34320D92-7A46-40FE-A46C-877F2339716D}.Release|Any CPU.ActiveCfg = Release|Any CPU
		{34320D92-7A46-40FE-A46C-877F2339716D}.Release|Any CPU.Build.0 = Release|Any CPU
		{34320D92-7A46-40FE-A46C-877F2339716D}.Release|x64.ActiveCfg = Release|Any CPU
		{34320D92-7A46-40FE-A46C-877F2339716D}.Release|x64.Build.0 = Release|Any CPU
		{34320D92-7A46-40FE-A46C-877F2339716D}.Release|x86.ActiveCfg = Release|Any CPU
		{34320D92-7A46-40FE-A46C-877F2339716D}.Release|x86.Build.0 = Release|Any CPU
		{6DCEEEFC-059A-4F25-BAD5-C1C83D728DDC}.Debug|Any CPU.ActiveCfg = Debug|Any CPU
		{6DCEEEFC-059A-4F25-BAD5-C1C83D728DDC}.Debug|Any CPU.Build.0 = Debug|Any CPU
		{6DCEEEFC-059A-4F25-BAD5-C1C83D728DDC}.Debug|x64.ActiveCfg = Debug|Any CPU
		{6DCEEEFC-059A-4F25-BAD5-C1C83D728DDC}.Debug|x64.Build.0 = Debug|Any CPU
		{6DCEEEFC-059A-4F25-BAD5-C1C83D728DDC}.Debug|x86.ActiveCfg = Debug|Any CPU
		{6DCEEEFC-059A-4F25-BAD5-C1C83D728DDC}.Debug|x86.Build.0 = Debug|Any CPU
		{6DCEEEFC-059A-4F25-BAD5-C1C83D728DDC}.Release|Any CPU.ActiveCfg = Release|Any CPU
		{6DCEEEFC-059A-4F25-BAD5-C1C83D728DDC}.Release|Any CPU.Build.0 = Release|Any CPU
		{6DCEEEFC-059A-4F25-BAD5-C1C83D728DDC}.Release|x64.ActiveCfg = Release|Any CPU
		{6DCEEEFC-059A-4F25-BAD5-C1C83D728DDC}.Release|x64.Build.0 = Release|Any CPU
		{6DCEEEFC-059A-4F25-BAD5-C1C83D728DDC}.Release|x86.ActiveCfg = Release|Any CPU
		{6DCEEEFC-059A-4F25-BAD5-C1C83D728DDC}.Release|x86.Build.0 = Release|Any CPU
		{E30E99CB-9F25-4931-B1D4-1A781C8460DA}.Debug|Any CPU.ActiveCfg = Debug|Any CPU
		{E30E99CB-9F25-4931-B1D4-1A781C8460DA}.Debug|Any CPU.Build.0 = Debug|Any CPU
		{E30E99CB-9F25-4931-B1D4-1A781C8460DA}.Debug|x64.ActiveCfg = Debug|Any CPU
		{E30E99CB-9F25-4931-B1D4-1A781C8460DA}.Debug|x64.Build.0 = Debug|Any CPU
		{E30E99CB-9F25-4931-B1D4-1A781C8460DA}.Debug|x86.ActiveCfg = Debug|Any CPU
		{E30E99CB-9F25-4931-B1D4-1A781C8460DA}.Debug|x86.Build.0 = Debug|Any CPU
		{E30E99CB-9F25-4931-B1D4-1A781C8460DA}.Release|Any CPU.ActiveCfg = Release|Any CPU
		{E30E99CB-9F25-4931-B1D4-1A781C8460DA}.Release|Any CPU.Build.0 = Release|Any CPU
		{E30E99CB-9F25-4931-B1D4-1A781C8460DA}.Release|x64.ActiveCfg = Release|Any CPU
		{E30E99CB-9F25-4931-B1D4-1A781C8460DA}.Release|x64.Build.0 = Release|Any CPU
		{E30E99CB-9F25-4931-B1D4-1A781C8460DA}.Release|x86.ActiveCfg = Release|Any CPU
		{E30E99CB-9F25-4931-B1D4-1A781C8460DA}.Release|x86.Build.0 = Release|Any CPU
		{55393AC5-9EC0-4B40-9147-CEFFEF1AC476}.Debug|Any CPU.ActiveCfg = Debug|Any CPU
		{55393AC5-9EC0-4B40-9147-CEFFEF1AC476}.Debug|Any CPU.Build.0 = Debug|Any CPU
		{55393AC5-9EC0-4B40-9147-CEFFEF1AC476}.Debug|x64.ActiveCfg = Debug|Any CPU
		{55393AC5-9EC0-4B40-9147-CEFFEF1AC476}.Debug|x64.Build.0 = Debug|Any CPU
		{55393AC5-9EC0-4B40-9147-CEFFEF1AC476}.Debug|x86.ActiveCfg = Debug|Any CPU
		{55393AC5-9EC0-4B40-9147-CEFFEF1AC476}.Debug|x86.Build.0 = Debug|Any CPU
		{55393AC5-9EC0-4B40-9147-CEFFEF1AC476}.Release|Any CPU.ActiveCfg = Release|Any CPU
		{55393AC5-9EC0-4B40-9147-CEFFEF1AC476}.Release|Any CPU.Build.0 = Release|Any CPU
		{55393AC5-9EC0-4B40-9147-CEFFEF1AC476}.Release|x64.ActiveCfg = Release|Any CPU
		{55393AC5-9EC0-4B40-9147-CEFFEF1AC476}.Release|x64.Build.0 = Release|Any CPU
		{55393AC5-9EC0-4B40-9147-CEFFEF1AC476}.Release|x86.ActiveCfg = Release|Any CPU
		{55393AC5-9EC0-4B40-9147-CEFFEF1AC476}.Release|x86.Build.0 = Release|Any CPU
		{C796A365-E958-4D26-B85C-E83F3EAF7527}.Debug|Any CPU.ActiveCfg = Debug|Any CPU
		{C796A365-E958-4D26-B85C-E83F3EAF7527}.Debug|Any CPU.Build.0 = Debug|Any CPU
		{C796A365-E958-4D26-B85C-E83F3EAF7527}.Debug|x64.ActiveCfg = Debug|Any CPU
		{C796A365-E958-4D26-B85C-E83F3EAF7527}.Debug|x64.Build.0 = Debug|Any CPU
		{C796A365-E958-4D26-B85C-E83F3EAF7527}.Debug|x86.ActiveCfg = Debug|Any CPU
		{C796A365-E958-4D26-B85C-E83F3EAF7527}.Debug|x86.Build.0 = Debug|Any CPU
		{C796A365-E958-4D26-B85C-E83F3EAF7527}.Release|Any CPU.ActiveCfg = Release|Any CPU
		{C796A365-E958-4D26-B85C-E83F3EAF7527}.Release|Any CPU.Build.0 = Release|Any CPU
		{C796A365-E958-4D26-B85C-E83F3EAF7527}.Release|x64.ActiveCfg = Release|Any CPU
		{C796A365-E958-4D26-B85C-E83F3EAF7527}.Release|x64.Build.0 = Release|Any CPU
		{C796A365-E958-4D26-B85C-E83F3EAF7527}.Release|x86.ActiveCfg = Release|Any CPU
		{C796A365-E958-4D26-B85C-E83F3EAF7527}.Release|x86.Build.0 = Release|Any CPU
		{6FCCBF95-AFFC-45B9-9DCF-B6D503CCA17D}.Debug|Any CPU.ActiveCfg = Debug|Any CPU
		{6FCCBF95-AFFC-45B9-9DCF-B6D503CCA17D}.Debug|Any CPU.Build.0 = Debug|Any CPU
		{6FCCBF95-AFFC-45B9-9DCF-B6D503CCA17D}.Debug|x64.ActiveCfg = Debug|Any CPU
		{6FCCBF95-AFFC-45B9-9DCF-B6D503CCA17D}.Debug|x64.Build.0 = Debug|Any CPU
		{6FCCBF95-AFFC-45B9-9DCF-B6D503CCA17D}.Debug|x86.ActiveCfg = Debug|Any CPU
		{6FCCBF95-AFFC-45B9-9DCF-B6D503CCA17D}.Debug|x86.Build.0 = Debug|Any CPU
		{6FCCBF95-AFFC-45B9-9DCF-B6D503CCA17D}.Release|Any CPU.ActiveCfg = Release|Any CPU
		{6FCCBF95-AFFC-45B9-9DCF-B6D503CCA17D}.Release|Any CPU.Build.0 = Release|Any CPU
		{6FCCBF95-AFFC-45B9-9DCF-B6D503CCA17D}.Release|x64.ActiveCfg = Release|Any CPU
		{6FCCBF95-AFFC-45B9-9DCF-B6D503CCA17D}.Release|x64.Build.0 = Release|Any CPU
		{6FCCBF95-AFFC-45B9-9DCF-B6D503CCA17D}.Release|x86.ActiveCfg = Release|Any CPU
		{6FCCBF95-AFFC-45B9-9DCF-B6D503CCA17D}.Release|x86.Build.0 = Release|Any CPU
		{7B19C135-6B15-4A5D-BDEF-FDE7115C3D05}.Debug|Any CPU.ActiveCfg = Debug|Any CPU
		{7B19C135-6B15-4A5D-BDEF-FDE7115C3D05}.Debug|Any CPU.Build.0 = Debug|Any CPU
		{7B19C135-6B15-4A5D-BDEF-FDE7115C3D05}.Debug|x64.ActiveCfg = Debug|Any CPU
		{7B19C135-6B15-4A5D-BDEF-FDE7115C3D05}.Debug|x64.Build.0 = Debug|Any CPU
		{7B19C135-6B15-4A5D-BDEF-FDE7115C3D05}.Debug|x86.ActiveCfg = Debug|Any CPU
		{7B19C135-6B15-4A5D-BDEF-FDE7115C3D05}.Debug|x86.Build.0 = Debug|Any CPU
		{7B19C135-6B15-4A5D-BDEF-FDE7115C3D05}.Release|Any CPU.ActiveCfg = Release|Any CPU
		{7B19C135-6B15-4A5D-BDEF-FDE7115C3D05}.Release|Any CPU.Build.0 = Release|Any CPU
		{7B19C135-6B15-4A5D-BDEF-FDE7115C3D05}.Release|x64.ActiveCfg = Release|Any CPU
		{7B19C135-6B15-4A5D-BDEF-FDE7115C3D05}.Release|x64.Build.0 = Release|Any CPU
		{7B19C135-6B15-4A5D-BDEF-FDE7115C3D05}.Release|x86.ActiveCfg = Release|Any CPU
		{7B19C135-6B15-4A5D-BDEF-FDE7115C3D05}.Release|x86.Build.0 = Release|Any CPU
		{B84ACCA4-73ED-4FFD-A1A3-BE02EFF81FDA}.Debug|Any CPU.ActiveCfg = Debug|Any CPU
		{B84ACCA4-73ED-4FFD-A1A3-BE02EFF81FDA}.Debug|Any CPU.Build.0 = Debug|Any CPU
		{B84ACCA4-73ED-4FFD-A1A3-BE02EFF81FDA}.Debug|x64.ActiveCfg = Debug|Any CPU
		{B84ACCA4-73ED-4FFD-A1A3-BE02EFF81FDA}.Debug|x64.Build.0 = Debug|Any CPU
		{B84ACCA4-73ED-4FFD-A1A3-BE02EFF81FDA}.Debug|x86.ActiveCfg = Debug|Any CPU
		{B84ACCA4-73ED-4FFD-A1A3-BE02EFF81FDA}.Debug|x86.Build.0 = Debug|Any CPU
		{B84ACCA4-73ED-4FFD-A1A3-BE02EFF81FDA}.Release|Any CPU.ActiveCfg = Release|Any CPU
		{B84ACCA4-73ED-4FFD-A1A3-BE02EFF81FDA}.Release|Any CPU.Build.0 = Release|Any CPU
		{B84ACCA4-73ED-4FFD-A1A3-BE02EFF81FDA}.Release|x64.ActiveCfg = Release|Any CPU
		{B84ACCA4-73ED-4FFD-A1A3-BE02EFF81FDA}.Release|x64.Build.0 = Release|Any CPU
		{B84ACCA4-73ED-4FFD-A1A3-BE02EFF81FDA}.Release|x86.ActiveCfg = Release|Any CPU
		{B84ACCA4-73ED-4FFD-A1A3-BE02EFF81FDA}.Release|x86.Build.0 = Release|Any CPU
		{1ACD5398-79B7-4608-9CEA-59A1AA89550F}.Debug|Any CPU.ActiveCfg = Debug|Any CPU
		{1ACD5398-79B7-4608-9CEA-59A1AA89550F}.Debug|Any CPU.Build.0 = Debug|Any CPU
		{1ACD5398-79B7-4608-9CEA-59A1AA89550F}.Debug|x64.ActiveCfg = Debug|Any CPU
		{1ACD5398-79B7-4608-9CEA-59A1AA89550F}.Debug|x64.Build.0 = Debug|Any CPU
		{1ACD5398-79B7-4608-9CEA-59A1AA89550F}.Debug|x86.ActiveCfg = Debug|Any CPU
		{1ACD5398-79B7-4608-9CEA-59A1AA89550F}.Debug|x86.Build.0 = Debug|Any CPU
		{1ACD5398-79B7-4608-9CEA-59A1AA89550F}.Release|Any CPU.ActiveCfg = Release|Any CPU
		{1ACD5398-79B7-4608-9CEA-59A1AA89550F}.Release|Any CPU.Build.0 = Release|Any CPU
		{1ACD5398-79B7-4608-9CEA-59A1AA89550F}.Release|x64.ActiveCfg = Release|Any CPU
		{1ACD5398-79B7-4608-9CEA-59A1AA89550F}.Release|x64.Build.0 = Release|Any CPU
		{1ACD5398-79B7-4608-9CEA-59A1AA89550F}.Release|x86.ActiveCfg = Release|Any CPU
		{1ACD5398-79B7-4608-9CEA-59A1AA89550F}.Release|x86.Build.0 = Release|Any CPU
		{E053B06D-16E8-480F-AF03-853F97A5C829}.Debug|Any CPU.ActiveCfg = Debug|Any CPU
		{E053B06D-16E8-480F-AF03-853F97A5C829}.Debug|Any CPU.Build.0 = Debug|Any CPU
		{E053B06D-16E8-480F-AF03-853F97A5C829}.Debug|x64.ActiveCfg = Debug|Any CPU
		{E053B06D-16E8-480F-AF03-853F97A5C829}.Debug|x64.Build.0 = Debug|Any CPU
		{E053B06D-16E8-480F-AF03-853F97A5C829}.Debug|x86.ActiveCfg = Debug|Any CPU
		{E053B06D-16E8-480F-AF03-853F97A5C829}.Debug|x86.Build.0 = Debug|Any CPU
		{E053B06D-16E8-480F-AF03-853F97A5C829}.Release|Any CPU.ActiveCfg = Release|Any CPU
		{E053B06D-16E8-480F-AF03-853F97A5C829}.Release|Any CPU.Build.0 = Release|Any CPU
		{E053B06D-16E8-480F-AF03-853F97A5C829}.Release|x64.ActiveCfg = Release|Any CPU
		{E053B06D-16E8-480F-AF03-853F97A5C829}.Release|x64.Build.0 = Release|Any CPU
		{E053B06D-16E8-480F-AF03-853F97A5C829}.Release|x86.ActiveCfg = Release|Any CPU
		{E053B06D-16E8-480F-AF03-853F97A5C829}.Release|x86.Build.0 = Release|Any CPU
		{BE00D175-9539-4507-8D3C-8B1A1B677CC3}.Debug|Any CPU.ActiveCfg = Debug|Any CPU
		{BE00D175-9539-4507-8D3C-8B1A1B677CC3}.Debug|Any CPU.Build.0 = Debug|Any CPU
		{BE00D175-9539-4507-8D3C-8B1A1B677CC3}.Debug|x64.ActiveCfg = Debug|Any CPU
		{BE00D175-9539-4507-8D3C-8B1A1B677CC3}.Debug|x64.Build.0 = Debug|Any CPU
		{BE00D175-9539-4507-8D3C-8B1A1B677CC3}.Debug|x86.ActiveCfg = Debug|Any CPU
		{BE00D175-9539-4507-8D3C-8B1A1B677CC3}.Debug|x86.Build.0 = Debug|Any CPU
		{BE00D175-9539-4507-8D3C-8B1A1B677CC3}.Release|Any CPU.ActiveCfg = Release|Any CPU
		{BE00D175-9539-4507-8D3C-8B1A1B677CC3}.Release|Any CPU.Build.0 = Release|Any CPU
		{BE00D175-9539-4507-8D3C-8B1A1B677CC3}.Release|x64.ActiveCfg = Release|Any CPU
		{BE00D175-9539-4507-8D3C-8B1A1B677CC3}.Release|x64.Build.0 = Release|Any CPU
		{BE00D175-9539-4507-8D3C-8B1A1B677CC3}.Release|x86.ActiveCfg = Release|Any CPU
		{BE00D175-9539-4507-8D3C-8B1A1B677CC3}.Release|x86.Build.0 = Release|Any CPU
		{EAE6180E-AAB6-489C-A61C-2B446ABD028B}.Debug|Any CPU.ActiveCfg = Debug|Any CPU
		{EAE6180E-AAB6-489C-A61C-2B446ABD028B}.Debug|Any CPU.Build.0 = Debug|Any CPU
		{EAE6180E-AAB6-489C-A61C-2B446ABD028B}.Debug|x64.ActiveCfg = Debug|Any CPU
		{EAE6180E-AAB6-489C-A61C-2B446ABD028B}.Debug|x64.Build.0 = Debug|Any CPU
		{EAE6180E-AAB6-489C-A61C-2B446ABD028B}.Debug|x86.ActiveCfg = Debug|Any CPU
		{EAE6180E-AAB6-489C-A61C-2B446ABD028B}.Debug|x86.Build.0 = Debug|Any CPU
		{EAE6180E-AAB6-489C-A61C-2B446ABD028B}.Release|Any CPU.ActiveCfg = Release|Any CPU
		{EAE6180E-AAB6-489C-A61C-2B446ABD028B}.Release|Any CPU.Build.0 = Release|Any CPU
		{EAE6180E-AAB6-489C-A61C-2B446ABD028B}.Release|x64.ActiveCfg = Release|Any CPU
		{EAE6180E-AAB6-489C-A61C-2B446ABD028B}.Release|x64.Build.0 = Release|Any CPU
		{EAE6180E-AAB6-489C-A61C-2B446ABD028B}.Release|x86.ActiveCfg = Release|Any CPU
		{EAE6180E-AAB6-489C-A61C-2B446ABD028B}.Release|x86.Build.0 = Release|Any CPU
		{2B28AEB4-09AA-44C9-B71F-BAC9C501A82B}.Debug|Any CPU.ActiveCfg = Debug|Any CPU
		{2B28AEB4-09AA-44C9-B71F-BAC9C501A82B}.Debug|Any CPU.Build.0 = Debug|Any CPU
		{2B28AEB4-09AA-44C9-B71F-BAC9C501A82B}.Debug|x64.ActiveCfg = Debug|Any CPU
		{2B28AEB4-09AA-44C9-B71F-BAC9C501A82B}.Debug|x64.Build.0 = Debug|Any CPU
		{2B28AEB4-09AA-44C9-B71F-BAC9C501A82B}.Debug|x86.ActiveCfg = Debug|Any CPU
		{2B28AEB4-09AA-44C9-B71F-BAC9C501A82B}.Debug|x86.Build.0 = Debug|Any CPU
		{2B28AEB4-09AA-44C9-B71F-BAC9C501A82B}.Release|Any CPU.ActiveCfg = Release|Any CPU
		{2B28AEB4-09AA-44C9-B71F-BAC9C501A82B}.Release|Any CPU.Build.0 = Release|Any CPU
		{2B28AEB4-09AA-44C9-B71F-BAC9C501A82B}.Release|x64.ActiveCfg = Release|Any CPU
		{2B28AEB4-09AA-44C9-B71F-BAC9C501A82B}.Release|x64.Build.0 = Release|Any CPU
		{2B28AEB4-09AA-44C9-B71F-BAC9C501A82B}.Release|x86.ActiveCfg = Release|Any CPU
		{2B28AEB4-09AA-44C9-B71F-BAC9C501A82B}.Release|x86.Build.0 = Release|Any CPU
		{91BFF1CD-9F1F-4B83-BB05-C8346ACD4960}.Debug|Any CPU.ActiveCfg = Debug|Any CPU
		{91BFF1CD-9F1F-4B83-BB05-C8346ACD4960}.Debug|Any CPU.Build.0 = Debug|Any CPU
		{91BFF1CD-9F1F-4B83-BB05-C8346ACD4960}.Debug|x64.ActiveCfg = Debug|Any CPU
		{91BFF1CD-9F1F-4B83-BB05-C8346ACD4960}.Debug|x64.Build.0 = Debug|Any CPU
		{91BFF1CD-9F1F-4B83-BB05-C8346ACD4960}.Debug|x86.ActiveCfg = Debug|Any CPU
		{91BFF1CD-9F1F-4B83-BB05-C8346ACD4960}.Debug|x86.Build.0 = Debug|Any CPU
		{91BFF1CD-9F1F-4B83-BB05-C8346ACD4960}.Release|Any CPU.ActiveCfg = Release|Any CPU
		{91BFF1CD-9F1F-4B83-BB05-C8346ACD4960}.Release|Any CPU.Build.0 = Release|Any CPU
		{91BFF1CD-9F1F-4B83-BB05-C8346ACD4960}.Release|x64.ActiveCfg = Release|Any CPU
		{91BFF1CD-9F1F-4B83-BB05-C8346ACD4960}.Release|x64.Build.0 = Release|Any CPU
		{91BFF1CD-9F1F-4B83-BB05-C8346ACD4960}.Release|x86.ActiveCfg = Release|Any CPU
		{91BFF1CD-9F1F-4B83-BB05-C8346ACD4960}.Release|x86.Build.0 = Release|Any CPU
		{C8C49E19-E9A4-406C-A52A-0C68FB720164}.Debug|Any CPU.ActiveCfg = Debug|Any CPU
		{C8C49E19-E9A4-406C-A52A-0C68FB720164}.Debug|Any CPU.Build.0 = Debug|Any CPU
		{C8C49E19-E9A4-406C-A52A-0C68FB720164}.Debug|x64.ActiveCfg = Debug|Any CPU
		{C8C49E19-E9A4-406C-A52A-0C68FB720164}.Debug|x64.Build.0 = Debug|Any CPU
		{C8C49E19-E9A4-406C-A52A-0C68FB720164}.Debug|x86.ActiveCfg = Debug|Any CPU
		{C8C49E19-E9A4-406C-A52A-0C68FB720164}.Debug|x86.Build.0 = Debug|Any CPU
		{C8C49E19-E9A4-406C-A52A-0C68FB720164}.Release|Any CPU.ActiveCfg = Release|Any CPU
		{C8C49E19-E9A4-406C-A52A-0C68FB720164}.Release|Any CPU.Build.0 = Release|Any CPU
		{C8C49E19-E9A4-406C-A52A-0C68FB720164}.Release|x64.ActiveCfg = Release|Any CPU
		{C8C49E19-E9A4-406C-A52A-0C68FB720164}.Release|x64.Build.0 = Release|Any CPU
		{C8C49E19-E9A4-406C-A52A-0C68FB720164}.Release|x86.ActiveCfg = Release|Any CPU
		{C8C49E19-E9A4-406C-A52A-0C68FB720164}.Release|x86.Build.0 = Release|Any CPU
		{DAAFF6AE-40F1-4575-9C51-DB28C4C607DB}.Debug|Any CPU.ActiveCfg = Debug|Any CPU
		{DAAFF6AE-40F1-4575-9C51-DB28C4C607DB}.Debug|Any CPU.Build.0 = Debug|Any CPU
		{DAAFF6AE-40F1-4575-9C51-DB28C4C607DB}.Debug|x64.ActiveCfg = Debug|Any CPU
		{DAAFF6AE-40F1-4575-9C51-DB28C4C607DB}.Debug|x64.Build.0 = Debug|Any CPU
		{DAAFF6AE-40F1-4575-9C51-DB28C4C607DB}.Debug|x86.ActiveCfg = Debug|Any CPU
		{DAAFF6AE-40F1-4575-9C51-DB28C4C607DB}.Debug|x86.Build.0 = Debug|Any CPU
		{DAAFF6AE-40F1-4575-9C51-DB28C4C607DB}.Release|Any CPU.ActiveCfg = Release|Any CPU
		{DAAFF6AE-40F1-4575-9C51-DB28C4C607DB}.Release|Any CPU.Build.0 = Release|Any CPU
		{DAAFF6AE-40F1-4575-9C51-DB28C4C607DB}.Release|x64.ActiveCfg = Release|Any CPU
		{DAAFF6AE-40F1-4575-9C51-DB28C4C607DB}.Release|x64.Build.0 = Release|Any CPU
		{DAAFF6AE-40F1-4575-9C51-DB28C4C607DB}.Release|x86.ActiveCfg = Release|Any CPU
		{DAAFF6AE-40F1-4575-9C51-DB28C4C607DB}.Release|x86.Build.0 = Release|Any CPU
		{C921721F-0D9F-4D13-A980-E64B058DA751}.Debug|Any CPU.ActiveCfg = Debug|Any CPU
		{C921721F-0D9F-4D13-A980-E64B058DA751}.Debug|Any CPU.Build.0 = Debug|Any CPU
		{C921721F-0D9F-4D13-A980-E64B058DA751}.Debug|x64.ActiveCfg = Debug|Any CPU
		{C921721F-0D9F-4D13-A980-E64B058DA751}.Debug|x64.Build.0 = Debug|Any CPU
		{C921721F-0D9F-4D13-A980-E64B058DA751}.Debug|x86.ActiveCfg = Debug|Any CPU
		{C921721F-0D9F-4D13-A980-E64B058DA751}.Debug|x86.Build.0 = Debug|Any CPU
		{C921721F-0D9F-4D13-A980-E64B058DA751}.Release|Any CPU.ActiveCfg = Release|Any CPU
		{C921721F-0D9F-4D13-A980-E64B058DA751}.Release|Any CPU.Build.0 = Release|Any CPU
		{C921721F-0D9F-4D13-A980-E64B058DA751}.Release|x64.ActiveCfg = Release|Any CPU
		{C921721F-0D9F-4D13-A980-E64B058DA751}.Release|x64.Build.0 = Release|Any CPU
		{C921721F-0D9F-4D13-A980-E64B058DA751}.Release|x86.ActiveCfg = Release|Any CPU
		{C921721F-0D9F-4D13-A980-E64B058DA751}.Release|x86.Build.0 = Release|Any CPU
		{E6517AF5-2BB4-4B57-80EC-6784367FCE40}.Debug|Any CPU.ActiveCfg = Debug|Any CPU
		{E6517AF5-2BB4-4B57-80EC-6784367FCE40}.Debug|Any CPU.Build.0 = Debug|Any CPU
		{E6517AF5-2BB4-4B57-80EC-6784367FCE40}.Debug|x64.ActiveCfg = Debug|Any CPU
		{E6517AF5-2BB4-4B57-80EC-6784367FCE40}.Debug|x64.Build.0 = Debug|Any CPU
		{E6517AF5-2BB4-4B57-80EC-6784367FCE40}.Debug|x86.ActiveCfg = Debug|Any CPU
		{E6517AF5-2BB4-4B57-80EC-6784367FCE40}.Debug|x86.Build.0 = Debug|Any CPU
		{E6517AF5-2BB4-4B57-80EC-6784367FCE40}.Release|Any CPU.ActiveCfg = Release|Any CPU
		{E6517AF5-2BB4-4B57-80EC-6784367FCE40}.Release|Any CPU.Build.0 = Release|Any CPU
		{E6517AF5-2BB4-4B57-80EC-6784367FCE40}.Release|x64.ActiveCfg = Release|Any CPU
		{E6517AF5-2BB4-4B57-80EC-6784367FCE40}.Release|x64.Build.0 = Release|Any CPU
		{E6517AF5-2BB4-4B57-80EC-6784367FCE40}.Release|x86.ActiveCfg = Release|Any CPU
		{E6517AF5-2BB4-4B57-80EC-6784367FCE40}.Release|x86.Build.0 = Release|Any CPU
		{4DEFBB23-4E3C-49D7-AC47-8E384C4C2B6D}.Debug|Any CPU.ActiveCfg = Debug|Any CPU
		{4DEFBB23-4E3C-49D7-AC47-8E384C4C2B6D}.Debug|Any CPU.Build.0 = Debug|Any CPU
		{4DEFBB23-4E3C-49D7-AC47-8E384C4C2B6D}.Debug|x64.ActiveCfg = Debug|Any CPU
		{4DEFBB23-4E3C-49D7-AC47-8E384C4C2B6D}.Debug|x64.Build.0 = Debug|Any CPU
		{4DEFBB23-4E3C-49D7-AC47-8E384C4C2B6D}.Debug|x86.ActiveCfg = Debug|Any CPU
		{4DEFBB23-4E3C-49D7-AC47-8E384C4C2B6D}.Debug|x86.Build.0 = Debug|Any CPU
		{4DEFBB23-4E3C-49D7-AC47-8E384C4C2B6D}.Release|Any CPU.ActiveCfg = Release|Any CPU
		{4DEFBB23-4E3C-49D7-AC47-8E384C4C2B6D}.Release|Any CPU.Build.0 = Release|Any CPU
		{4DEFBB23-4E3C-49D7-AC47-8E384C4C2B6D}.Release|x64.ActiveCfg = Release|Any CPU
		{4DEFBB23-4E3C-49D7-AC47-8E384C4C2B6D}.Release|x64.Build.0 = Release|Any CPU
		{4DEFBB23-4E3C-49D7-AC47-8E384C4C2B6D}.Release|x86.ActiveCfg = Release|Any CPU
		{4DEFBB23-4E3C-49D7-AC47-8E384C4C2B6D}.Release|x86.Build.0 = Release|Any CPU
		{B4D2F379-050D-450C-90B7-E306637A5023}.Debug|Any CPU.ActiveCfg = Debug|Any CPU
		{B4D2F379-050D-450C-90B7-E306637A5023}.Debug|Any CPU.Build.0 = Debug|Any CPU
		{B4D2F379-050D-450C-90B7-E306637A5023}.Debug|x64.ActiveCfg = Debug|Any CPU
		{B4D2F379-050D-450C-90B7-E306637A5023}.Debug|x64.Build.0 = Debug|Any CPU
		{B4D2F379-050D-450C-90B7-E306637A5023}.Debug|x86.ActiveCfg = Debug|Any CPU
		{B4D2F379-050D-450C-90B7-E306637A5023}.Debug|x86.Build.0 = Debug|Any CPU
		{B4D2F379-050D-450C-90B7-E306637A5023}.Release|Any CPU.ActiveCfg = Release|Any CPU
		{B4D2F379-050D-450C-90B7-E306637A5023}.Release|Any CPU.Build.0 = Release|Any CPU
		{B4D2F379-050D-450C-90B7-E306637A5023}.Release|x64.ActiveCfg = Release|Any CPU
		{B4D2F379-050D-450C-90B7-E306637A5023}.Release|x64.Build.0 = Release|Any CPU
		{B4D2F379-050D-450C-90B7-E306637A5023}.Release|x86.ActiveCfg = Release|Any CPU
		{B4D2F379-050D-450C-90B7-E306637A5023}.Release|x86.Build.0 = Release|Any CPU
		{C532433C-91B7-4806-85DD-C98148442280}.Debug|Any CPU.ActiveCfg = Debug|Any CPU
		{C532433C-91B7-4806-85DD-C98148442280}.Debug|Any CPU.Build.0 = Debug|Any CPU
		{C532433C-91B7-4806-85DD-C98148442280}.Debug|x64.ActiveCfg = Debug|Any CPU
		{C532433C-91B7-4806-85DD-C98148442280}.Debug|x64.Build.0 = Debug|Any CPU
		{C532433C-91B7-4806-85DD-C98148442280}.Debug|x86.ActiveCfg = Debug|Any CPU
		{C532433C-91B7-4806-85DD-C98148442280}.Debug|x86.Build.0 = Debug|Any CPU
		{C532433C-91B7-4806-85DD-C98148442280}.Release|Any CPU.ActiveCfg = Release|Any CPU
		{C532433C-91B7-4806-85DD-C98148442280}.Release|Any CPU.Build.0 = Release|Any CPU
		{C532433C-91B7-4806-85DD-C98148442280}.Release|x64.ActiveCfg = Release|Any CPU
		{C532433C-91B7-4806-85DD-C98148442280}.Release|x64.Build.0 = Release|Any CPU
		{C532433C-91B7-4806-85DD-C98148442280}.Release|x86.ActiveCfg = Release|Any CPU
		{C532433C-91B7-4806-85DD-C98148442280}.Release|x86.Build.0 = Release|Any CPU
		{7C45588E-6BF3-4C52-A1F8-3641F0B43867}.Debug|Any CPU.ActiveCfg = Debug|Any CPU
		{7C45588E-6BF3-4C52-A1F8-3641F0B43867}.Debug|Any CPU.Build.0 = Debug|Any CPU
		{7C45588E-6BF3-4C52-A1F8-3641F0B43867}.Debug|x64.ActiveCfg = Debug|Any CPU
		{7C45588E-6BF3-4C52-A1F8-3641F0B43867}.Debug|x64.Build.0 = Debug|Any CPU
		{7C45588E-6BF3-4C52-A1F8-3641F0B43867}.Debug|x86.ActiveCfg = Debug|Any CPU
		{7C45588E-6BF3-4C52-A1F8-3641F0B43867}.Debug|x86.Build.0 = Debug|Any CPU
		{7C45588E-6BF3-4C52-A1F8-3641F0B43867}.Release|Any CPU.ActiveCfg = Release|Any CPU
		{7C45588E-6BF3-4C52-A1F8-3641F0B43867}.Release|Any CPU.Build.0 = Release|Any CPU
		{7C45588E-6BF3-4C52-A1F8-3641F0B43867}.Release|x64.ActiveCfg = Release|Any CPU
		{7C45588E-6BF3-4C52-A1F8-3641F0B43867}.Release|x64.Build.0 = Release|Any CPU
		{7C45588E-6BF3-4C52-A1F8-3641F0B43867}.Release|x86.ActiveCfg = Release|Any CPU
		{7C45588E-6BF3-4C52-A1F8-3641F0B43867}.Release|x86.Build.0 = Release|Any CPU
		{76E8AEDF-DF9C-4471-B04F-CC30F670C675}.Debug|Any CPU.ActiveCfg = Debug|Any CPU
		{76E8AEDF-DF9C-4471-B04F-CC30F670C675}.Debug|Any CPU.Build.0 = Debug|Any CPU
		{76E8AEDF-DF9C-4471-B04F-CC30F670C675}.Debug|x64.ActiveCfg = Debug|Any CPU
		{76E8AEDF-DF9C-4471-B04F-CC30F670C675}.Debug|x64.Build.0 = Debug|Any CPU
		{76E8AEDF-DF9C-4471-B04F-CC30F670C675}.Debug|x86.ActiveCfg = Debug|Any CPU
		{76E8AEDF-DF9C-4471-B04F-CC30F670C675}.Debug|x86.Build.0 = Debug|Any CPU
		{76E8AEDF-DF9C-4471-B04F-CC30F670C675}.Release|Any CPU.ActiveCfg = Release|Any CPU
		{76E8AEDF-DF9C-4471-B04F-CC30F670C675}.Release|Any CPU.Build.0 = Release|Any CPU
		{76E8AEDF-DF9C-4471-B04F-CC30F670C675}.Release|x64.ActiveCfg = Release|Any CPU
		{76E8AEDF-DF9C-4471-B04F-CC30F670C675}.Release|x64.Build.0 = Release|Any CPU
		{76E8AEDF-DF9C-4471-B04F-CC30F670C675}.Release|x86.ActiveCfg = Release|Any CPU
		{76E8AEDF-DF9C-4471-B04F-CC30F670C675}.Release|x86.Build.0 = Release|Any CPU
		{213F13A9-B091-43E6-B051-30009C3C7C11}.Debug|Any CPU.ActiveCfg = Debug|Any CPU
		{213F13A9-B091-43E6-B051-30009C3C7C11}.Debug|Any CPU.Build.0 = Debug|Any CPU
		{213F13A9-B091-43E6-B051-30009C3C7C11}.Debug|x64.ActiveCfg = Debug|Any CPU
		{213F13A9-B091-43E6-B051-30009C3C7C11}.Debug|x64.Build.0 = Debug|Any CPU
		{213F13A9-B091-43E6-B051-30009C3C7C11}.Debug|x86.ActiveCfg = Debug|Any CPU
		{213F13A9-B091-43E6-B051-30009C3C7C11}.Debug|x86.Build.0 = Debug|Any CPU
		{213F13A9-B091-43E6-B051-30009C3C7C11}.Release|Any CPU.ActiveCfg = Release|Any CPU
		{213F13A9-B091-43E6-B051-30009C3C7C11}.Release|Any CPU.Build.0 = Release|Any CPU
		{213F13A9-B091-43E6-B051-30009C3C7C11}.Release|x64.ActiveCfg = Release|Any CPU
		{213F13A9-B091-43E6-B051-30009C3C7C11}.Release|x64.Build.0 = Release|Any CPU
		{213F13A9-B091-43E6-B051-30009C3C7C11}.Release|x86.ActiveCfg = Release|Any CPU
		{213F13A9-B091-43E6-B051-30009C3C7C11}.Release|x86.Build.0 = Release|Any CPU
		{60BEF677-7B0D-4E23-A01D-DDD79FA31D52}.Debug|Any CPU.ActiveCfg = Debug|Any CPU
		{60BEF677-7B0D-4E23-A01D-DDD79FA31D52}.Debug|Any CPU.Build.0 = Debug|Any CPU
		{60BEF677-7B0D-4E23-A01D-DDD79FA31D52}.Debug|x64.ActiveCfg = Debug|Any CPU
		{60BEF677-7B0D-4E23-A01D-DDD79FA31D52}.Debug|x64.Build.0 = Debug|Any CPU
		{60BEF677-7B0D-4E23-A01D-DDD79FA31D52}.Debug|x86.ActiveCfg = Debug|Any CPU
		{60BEF677-7B0D-4E23-A01D-DDD79FA31D52}.Debug|x86.Build.0 = Debug|Any CPU
		{60BEF677-7B0D-4E23-A01D-DDD79FA31D52}.Release|Any CPU.ActiveCfg = Release|Any CPU
		{60BEF677-7B0D-4E23-A01D-DDD79FA31D52}.Release|Any CPU.Build.0 = Release|Any CPU
		{60BEF677-7B0D-4E23-A01D-DDD79FA31D52}.Release|x64.ActiveCfg = Release|Any CPU
		{60BEF677-7B0D-4E23-A01D-DDD79FA31D52}.Release|x64.Build.0 = Release|Any CPU
		{60BEF677-7B0D-4E23-A01D-DDD79FA31D52}.Release|x86.ActiveCfg = Release|Any CPU
		{60BEF677-7B0D-4E23-A01D-DDD79FA31D52}.Release|x86.Build.0 = Release|Any CPU
		{B6A12549-69CD-45A6-B992-9913BDC48E67}.Debug|Any CPU.ActiveCfg = Debug|Any CPU
		{B6A12549-69CD-45A6-B992-9913BDC48E67}.Debug|Any CPU.Build.0 = Debug|Any CPU
		{B6A12549-69CD-45A6-B992-9913BDC48E67}.Debug|x64.ActiveCfg = Debug|Any CPU
		{B6A12549-69CD-45A6-B992-9913BDC48E67}.Debug|x64.Build.0 = Debug|Any CPU
		{B6A12549-69CD-45A6-B992-9913BDC48E67}.Debug|x86.ActiveCfg = Debug|Any CPU
		{B6A12549-69CD-45A6-B992-9913BDC48E67}.Debug|x86.Build.0 = Debug|Any CPU
		{B6A12549-69CD-45A6-B992-9913BDC48E67}.Release|Any CPU.ActiveCfg = Release|Any CPU
		{B6A12549-69CD-45A6-B992-9913BDC48E67}.Release|Any CPU.Build.0 = Release|Any CPU
		{B6A12549-69CD-45A6-B992-9913BDC48E67}.Release|x64.ActiveCfg = Release|Any CPU
		{B6A12549-69CD-45A6-B992-9913BDC48E67}.Release|x64.Build.0 = Release|Any CPU
		{B6A12549-69CD-45A6-B992-9913BDC48E67}.Release|x86.ActiveCfg = Release|Any CPU
		{B6A12549-69CD-45A6-B992-9913BDC48E67}.Release|x86.Build.0 = Release|Any CPU
		{09B0E871-4A4F-46AB-AA30-CE3C679CB9C3}.Debug|Any CPU.ActiveCfg = Debug|Any CPU
		{09B0E871-4A4F-46AB-AA30-CE3C679CB9C3}.Debug|Any CPU.Build.0 = Debug|Any CPU
		{09B0E871-4A4F-46AB-AA30-CE3C679CB9C3}.Debug|x64.ActiveCfg = Debug|Any CPU
		{09B0E871-4A4F-46AB-AA30-CE3C679CB9C3}.Debug|x64.Build.0 = Debug|Any CPU
		{09B0E871-4A4F-46AB-AA30-CE3C679CB9C3}.Debug|x86.ActiveCfg = Debug|Any CPU
		{09B0E871-4A4F-46AB-AA30-CE3C679CB9C3}.Debug|x86.Build.0 = Debug|Any CPU
		{09B0E871-4A4F-46AB-AA30-CE3C679CB9C3}.Release|Any CPU.ActiveCfg = Release|Any CPU
		{09B0E871-4A4F-46AB-AA30-CE3C679CB9C3}.Release|Any CPU.Build.0 = Release|Any CPU
		{09B0E871-4A4F-46AB-AA30-CE3C679CB9C3}.Release|x64.ActiveCfg = Release|Any CPU
		{09B0E871-4A4F-46AB-AA30-CE3C679CB9C3}.Release|x64.Build.0 = Release|Any CPU
		{09B0E871-4A4F-46AB-AA30-CE3C679CB9C3}.Release|x86.ActiveCfg = Release|Any CPU
		{09B0E871-4A4F-46AB-AA30-CE3C679CB9C3}.Release|x86.Build.0 = Release|Any CPU
		{4CA3F840-60B7-4672-8794-C44651C71F0B}.Debug|Any CPU.ActiveCfg = Debug|Any CPU
		{4CA3F840-60B7-4672-8794-C44651C71F0B}.Debug|Any CPU.Build.0 = Debug|Any CPU
		{4CA3F840-60B7-4672-8794-C44651C71F0B}.Debug|x64.ActiveCfg = Debug|Any CPU
		{4CA3F840-60B7-4672-8794-C44651C71F0B}.Debug|x64.Build.0 = Debug|Any CPU
		{4CA3F840-60B7-4672-8794-C44651C71F0B}.Debug|x86.ActiveCfg = Debug|Any CPU
		{4CA3F840-60B7-4672-8794-C44651C71F0B}.Debug|x86.Build.0 = Debug|Any CPU
		{4CA3F840-60B7-4672-8794-C44651C71F0B}.Release|Any CPU.ActiveCfg = Release|Any CPU
		{4CA3F840-60B7-4672-8794-C44651C71F0B}.Release|Any CPU.Build.0 = Release|Any CPU
		{4CA3F840-60B7-4672-8794-C44651C71F0B}.Release|x64.ActiveCfg = Release|Any CPU
		{4CA3F840-60B7-4672-8794-C44651C71F0B}.Release|x64.Build.0 = Release|Any CPU
		{4CA3F840-60B7-4672-8794-C44651C71F0B}.Release|x86.ActiveCfg = Release|Any CPU
		{4CA3F840-60B7-4672-8794-C44651C71F0B}.Release|x86.Build.0 = Release|Any CPU
		{46141BD6-437E-4F9E-90B0-531DDDDCBD3E}.Debug|Any CPU.ActiveCfg = Debug|Any CPU
		{46141BD6-437E-4F9E-90B0-531DDDDCBD3E}.Debug|Any CPU.Build.0 = Debug|Any CPU
		{46141BD6-437E-4F9E-90B0-531DDDDCBD3E}.Debug|x64.ActiveCfg = Debug|Any CPU
		{46141BD6-437E-4F9E-90B0-531DDDDCBD3E}.Debug|x64.Build.0 = Debug|Any CPU
		{46141BD6-437E-4F9E-90B0-531DDDDCBD3E}.Debug|x86.ActiveCfg = Debug|Any CPU
		{46141BD6-437E-4F9E-90B0-531DDDDCBD3E}.Debug|x86.Build.0 = Debug|Any CPU
		{46141BD6-437E-4F9E-90B0-531DDDDCBD3E}.Release|Any CPU.ActiveCfg = Release|Any CPU
		{46141BD6-437E-4F9E-90B0-531DDDDCBD3E}.Release|Any CPU.Build.0 = Release|Any CPU
		{46141BD6-437E-4F9E-90B0-531DDDDCBD3E}.Release|x64.ActiveCfg = Release|Any CPU
		{46141BD6-437E-4F9E-90B0-531DDDDCBD3E}.Release|x64.Build.0 = Release|Any CPU
		{46141BD6-437E-4F9E-90B0-531DDDDCBD3E}.Release|x86.ActiveCfg = Release|Any CPU
		{46141BD6-437E-4F9E-90B0-531DDDDCBD3E}.Release|x86.Build.0 = Release|Any CPU
		{526306BE-02BD-4872-9861-B4406ACBD6B9}.Debug|Any CPU.ActiveCfg = Debug|Any CPU
		{526306BE-02BD-4872-9861-B4406ACBD6B9}.Debug|Any CPU.Build.0 = Debug|Any CPU
		{526306BE-02BD-4872-9861-B4406ACBD6B9}.Debug|x64.ActiveCfg = Debug|Any CPU
		{526306BE-02BD-4872-9861-B4406ACBD6B9}.Debug|x64.Build.0 = Debug|Any CPU
		{526306BE-02BD-4872-9861-B4406ACBD6B9}.Debug|x86.ActiveCfg = Debug|Any CPU
		{526306BE-02BD-4872-9861-B4406ACBD6B9}.Debug|x86.Build.0 = Debug|Any CPU
		{526306BE-02BD-4872-9861-B4406ACBD6B9}.Release|Any CPU.ActiveCfg = Release|Any CPU
		{526306BE-02BD-4872-9861-B4406ACBD6B9}.Release|Any CPU.Build.0 = Release|Any CPU
		{526306BE-02BD-4872-9861-B4406ACBD6B9}.Release|x64.ActiveCfg = Release|Any CPU
		{526306BE-02BD-4872-9861-B4406ACBD6B9}.Release|x64.Build.0 = Release|Any CPU
		{526306BE-02BD-4872-9861-B4406ACBD6B9}.Release|x86.ActiveCfg = Release|Any CPU
		{526306BE-02BD-4872-9861-B4406ACBD6B9}.Release|x86.Build.0 = Release|Any CPU
		{DC0CFC0B-B225-4A1F-A88A-6CDE693EC1E5}.Debug|Any CPU.ActiveCfg = Debug|Any CPU
		{DC0CFC0B-B225-4A1F-A88A-6CDE693EC1E5}.Debug|Any CPU.Build.0 = Debug|Any CPU
		{DC0CFC0B-B225-4A1F-A88A-6CDE693EC1E5}.Debug|x64.ActiveCfg = Debug|Any CPU
		{DC0CFC0B-B225-4A1F-A88A-6CDE693EC1E5}.Debug|x64.Build.0 = Debug|Any CPU
		{DC0CFC0B-B225-4A1F-A88A-6CDE693EC1E5}.Debug|x86.ActiveCfg = Debug|Any CPU
		{DC0CFC0B-B225-4A1F-A88A-6CDE693EC1E5}.Debug|x86.Build.0 = Debug|Any CPU
		{DC0CFC0B-B225-4A1F-A88A-6CDE693EC1E5}.Release|Any CPU.ActiveCfg = Release|Any CPU
		{DC0CFC0B-B225-4A1F-A88A-6CDE693EC1E5}.Release|Any CPU.Build.0 = Release|Any CPU
		{DC0CFC0B-B225-4A1F-A88A-6CDE693EC1E5}.Release|x64.ActiveCfg = Release|Any CPU
		{DC0CFC0B-B225-4A1F-A88A-6CDE693EC1E5}.Release|x64.Build.0 = Release|Any CPU
		{DC0CFC0B-B225-4A1F-A88A-6CDE693EC1E5}.Release|x86.ActiveCfg = Release|Any CPU
		{DC0CFC0B-B225-4A1F-A88A-6CDE693EC1E5}.Release|x86.Build.0 = Release|Any CPU
		{D454FA80-C542-49B7-85A5-B0B10971E155}.Debug|Any CPU.ActiveCfg = Debug|Any CPU
		{D454FA80-C542-49B7-85A5-B0B10971E155}.Debug|Any CPU.Build.0 = Debug|Any CPU
		{D454FA80-C542-49B7-85A5-B0B10971E155}.Debug|x64.ActiveCfg = Debug|Any CPU
		{D454FA80-C542-49B7-85A5-B0B10971E155}.Debug|x64.Build.0 = Debug|Any CPU
		{D454FA80-C542-49B7-85A5-B0B10971E155}.Debug|x86.ActiveCfg = Debug|Any CPU
		{D454FA80-C542-49B7-85A5-B0B10971E155}.Debug|x86.Build.0 = Debug|Any CPU
		{D454FA80-C542-49B7-85A5-B0B10971E155}.Release|Any CPU.ActiveCfg = Release|Any CPU
		{D454FA80-C542-49B7-85A5-B0B10971E155}.Release|Any CPU.Build.0 = Release|Any CPU
		{D454FA80-C542-49B7-85A5-B0B10971E155}.Release|x64.ActiveCfg = Release|Any CPU
		{D454FA80-C542-49B7-85A5-B0B10971E155}.Release|x64.Build.0 = Release|Any CPU
		{D454FA80-C542-49B7-85A5-B0B10971E155}.Release|x86.ActiveCfg = Release|Any CPU
		{D454FA80-C542-49B7-85A5-B0B10971E155}.Release|x86.Build.0 = Release|Any CPU
	EndGlobalSection
	GlobalSection(SolutionProperties) = preSolution
		HideSolutionNode = FALSE
	EndGlobalSection
	GlobalSection(NestedProjects) = preSolution
		{4A939368-4DCB-2722-D2AD-2E6874654808} = {B36A84DF-456D-A817-6EDD-3EC3E7F6E11F}
		{E3D55C1A-3E51-4053-8A99-1D4E81B76607} = {4A939368-4DCB-2722-D2AD-2E6874654808}
		{66120FC6-38E1-8BE1-68B7-5A00FAC5E8D1} = {4A939368-4DCB-2722-D2AD-2E6874654808}
		{44C7E33D-D943-4A09-9B09-441782973D56} = {66120FC6-38E1-8BE1-68B7-5A00FAC5E8D1}
		{259FE4F4-2FD0-46F3-B31E-638B8C7A7181} = {66120FC6-38E1-8BE1-68B7-5A00FAC5E8D1}
		{5D5D058F-60FD-5C65-8321-6DE1A038CDB3} = {4A939368-4DCB-2722-D2AD-2E6874654808}
		{85BCA63A-74EC-4C7B-917A-BA3CC577B8A4} = {5D5D058F-60FD-5C65-8321-6DE1A038CDB3}
		{39D69ABA-DAA3-4CD3-A33B-1D66F3D27493} = {5D5D058F-60FD-5C65-8321-6DE1A038CDB3}
		{34320D92-7A46-40FE-A46C-877F2339716D} = {5D5D058F-60FD-5C65-8321-6DE1A038CDB3}
		{88534765-9E01-7BB2-108C-429DA13D7273} = {4A939368-4DCB-2722-D2AD-2E6874654808}
		{6DCEEEFC-059A-4F25-BAD5-C1C83D728DDC} = {88534765-9E01-7BB2-108C-429DA13D7273}
		{E30E99CB-9F25-4931-B1D4-1A781C8460DA} = {88534765-9E01-7BB2-108C-429DA13D7273}
		{55393AC5-9EC0-4B40-9147-CEFFEF1AC476} = {88534765-9E01-7BB2-108C-429DA13D7273}
		{FF93ABA5-D0D3-B6FC-D126-38BA58455F9E} = {4A939368-4DCB-2722-D2AD-2E6874654808}
		{C796A365-E958-4D26-B85C-E83F3EAF7527} = {FF93ABA5-D0D3-B6FC-D126-38BA58455F9E}
		{6FCCBF95-AFFC-45B9-9DCF-B6D503CCA17D} = {FF93ABA5-D0D3-B6FC-D126-38BA58455F9E}
		{7B19C135-6B15-4A5D-BDEF-FDE7115C3D05} = {FF93ABA5-D0D3-B6FC-D126-38BA58455F9E}
		{A4021017-89A9-EACC-B864-B2DE86BBB39B} = {4A939368-4DCB-2722-D2AD-2E6874654808}
		{B84ACCA4-73ED-4FFD-A1A3-BE02EFF81FDA} = {A4021017-89A9-EACC-B864-B2DE86BBB39B}
		{1ACD5398-79B7-4608-9CEA-59A1AA89550F} = {A4021017-89A9-EACC-B864-B2DE86BBB39B}
		{E053B06D-16E8-480F-AF03-853F97A5C829} = {A4021017-89A9-EACC-B864-B2DE86BBB39B}
		{30B94803-EFD1-F69E-8EDB-A4FA81454F1A} = {4A939368-4DCB-2722-D2AD-2E6874654808}
		{BE00D175-9539-4507-8D3C-8B1A1B677CC3} = {30B94803-EFD1-F69E-8EDB-A4FA81454F1A}
		{EAE6180E-AAB6-489C-A61C-2B446ABD028B} = {30B94803-EFD1-F69E-8EDB-A4FA81454F1A}
		{255ACE38-7B07-CAF9-FAAD-E57D9B1B3867} = {4A939368-4DCB-2722-D2AD-2E6874654808}
		{2B28AEB4-09AA-44C9-B71F-BAC9C501A82B} = {255ACE38-7B07-CAF9-FAAD-E57D9B1B3867}
		{91BFF1CD-9F1F-4B83-BB05-C8346ACD4960} = {255ACE38-7B07-CAF9-FAAD-E57D9B1B3867}
		{C8C49E19-E9A4-406C-A52A-0C68FB720164} = {255ACE38-7B07-CAF9-FAAD-E57D9B1B3867}
		{DAAFF6AE-40F1-4575-9C51-DB28C4C607DB} = {255ACE38-7B07-CAF9-FAAD-E57D9B1B3867}
		{62F527E3-94A6-550D-EEC1-1571B381434B} = {4A939368-4DCB-2722-D2AD-2E6874654808}
		{C921721F-0D9F-4D13-A980-E64B058DA751} = {62F527E3-94A6-550D-EEC1-1571B381434B}
		{E6517AF5-2BB4-4B57-80EC-6784367FCE40} = {62F527E3-94A6-550D-EEC1-1571B381434B}
		{4DEFBB23-4E3C-49D7-AC47-8E384C4C2B6D} = {62F527E3-94A6-550D-EEC1-1571B381434B}
		{B4D2F379-050D-450C-90B7-E306637A5023} = {62F527E3-94A6-550D-EEC1-1571B381434B}
		{A6EEDB63-950D-265C-4EBC-3F6B0222C45B} = {4A939368-4DCB-2722-D2AD-2E6874654808}
		{C532433C-91B7-4806-85DD-C98148442280} = {A6EEDB63-950D-265C-4EBC-3F6B0222C45B}
		{7C45588E-6BF3-4C52-A1F8-3641F0B43867} = {A6EEDB63-950D-265C-4EBC-3F6B0222C45B}
		{76E8AEDF-DF9C-4471-B04F-CC30F670C675} = {A6EEDB63-950D-265C-4EBC-3F6B0222C45B}
		{213F13A9-B091-43E6-B051-30009C3C7C11} = {A6EEDB63-950D-265C-4EBC-3F6B0222C45B}
		{60BEF677-7B0D-4E23-A01D-DDD79FA31D52} = {A6EEDB63-950D-265C-4EBC-3F6B0222C45B}
		{B6A12549-69CD-45A6-B992-9913BDC48E67} = {A6EEDB63-950D-265C-4EBC-3F6B0222C45B}
		{E3BDC27C-A485-D90C-698F-A70C65A700A5} = {4A939368-4DCB-2722-D2AD-2E6874654808}
		{09B0E871-4A4F-46AB-AA30-CE3C679CB9C3} = {E3BDC27C-A485-D90C-698F-A70C65A700A5}
		{4CA3F840-60B7-4672-8794-C44651C71F0B} = {E3BDC27C-A485-D90C-698F-A70C65A700A5}
		{46141BD6-437E-4F9E-90B0-531DDDDCBD3E} = {E3BDC27C-A485-D90C-698F-A70C65A700A5}
		{526306BE-02BD-4872-9861-B4406ACBD6B9} = {E3BDC27C-A485-D90C-698F-A70C65A700A5}
		{D8C81624-966F-D06E-07AA-5A5CEE056E83} = {B36A84DF-456D-A817-6EDD-3EC3E7F6E11F}
		{DC0CFC0B-B225-4A1F-A88A-6CDE693EC1E5} = {D8C81624-966F-D06E-07AA-5A5CEE056E83}
		{D454FA80-C542-49B7-85A5-B0B10971E155} = {D8C81624-966F-D06E-07AA-5A5CEE056E83}
	EndGlobalSection
EndGlobal
